
Microsoft Visual Studio Solution File, Format Version 12.00
# Visual Studio 15
VisualStudioVersion = 15.0.28010.2050
MinimumVisualStudioVersion = 10.0.40219.1
Project("{FAE04EC0-301F-11D3-BF4B-00C04F79EFBC}") = "game", "game\game.csproj", "{7D9CAD38-03BF-4948-AAB7-475C5C1828D0}"
EndProject
Global
	GlobalSection(SolutionConfigurationPlatforms) = preSolution
		Debug|Any CPU = Debug|Any CPU
		Release|Any CPU = Release|Any CPU
	EndGlobalSection
	GlobalSection(ProjectConfigurationPlatforms) = postSolution
		{7D9CAD38-03BF-4948-AAB7-475C5C1828D0}.Debug|Any CPU.ActiveCfg = Debug|Any CPU
		{7D9CAD38-03BF-4948-AAB7-475C5C1828D0}.Debug|Any CPU.Build.0 = Debug|Any CPU
		{7D9CAD38-03BF-4948-AAB7-475C5C1828D0}.Release|Any CPU.ActiveCfg = Release|Any CPU
		{7D9CAD38-03BF-4948-AAB7-475C5C1828D0}.Release|Any CPU.Build.0 = Release|Any CPU
	EndGlobalSection
	GlobalSection(SolutionProperties) = preSolution
		HideSolutionNode = FALSE
	EndGlobalSection
	GlobalSection(ExtensibilityGlobals) = postSolution
		SolutionGuid = {2AF27F8F-DB20-4960-8216-CE5D20D79A21}
	EndGlobalSection
EndGlobal
